// !$*UTF8*$!
{
	archiveVersion = 1;
	classes = {
	};
	objectVersion = 50;
	objects = {

/* Begin PBXBuildFile section */
		262FF57921F79E8200F46825 /* AppDelegate.swift in Sources */ = {isa = PBXBuildFile; fileRef = 262FF57821F79E8200F46825 /* AppDelegate.swift */; };
		262FF57B21F79E8200F46825 /* ViewController.swift in Sources */ = {isa = PBXBuildFile; fileRef = 262FF57A21F79E8200F46825 /* ViewController.swift */; };
		262FF57E21F79E8200F46825 /* Main.storyboard in Resources */ = {isa = PBXBuildFile; fileRef = 262FF57C21F79E8200F46825 /* Main.storyboard */; };
		262FF58121F79E8200F46825 /* BarCharts.xcdatamodeld in Sources */ = {isa = PBXBuildFile; fileRef = 262FF57F21F79E8200F46825 /* BarCharts.xcdatamodeld */; };
		262FF58321F79E8500F46825 /* Assets.xcassets in Resources */ = {isa = PBXBuildFile; fileRef = 262FF58221F79E8500F46825 /* Assets.xcassets */; };
		262FF58621F79E8500F46825 /* LaunchScreen.storyboard in Resources */ = {isa = PBXBuildFile; fileRef = 262FF58421F79E8500F46825 /* LaunchScreen.storyboard */; };
		262FF59121F79E8500F46825 /* BarChartsTests.swift in Sources */ = {isa = PBXBuildFile; fileRef = 262FF59021F79E8500F46825 /* BarChartsTests.swift */; };
		262FF59C21F79E8500F46825 /* BarChartsUITests.swift in Sources */ = {isa = PBXBuildFile; fileRef = 262FF59B21F79E8500F46825 /* BarChartsUITests.swift */; };
		2E5F8724C3EC372B24618F59 /* Pods_BarCharts.framework in Frameworks */ = {isa = PBXBuildFile; fileRef = 2CBDADA4BBAB43E6A046C645 /* Pods_BarCharts.framework */; };
		EDDC910F7686B6CA2B886EFF /* Pods_BarChartsTests.framework in Frameworks */ = {isa = PBXBuildFile; fileRef = 2F4F6346280C969F0DF72E84 /* Pods_BarChartsTests.framework */; };
		F77BFC30C9F7CA42662B2B41 /* Pods_BarChartsUITests.framework in Frameworks */ = {isa = PBXBuildFile; fileRef = F335A8743C2FF7B963809D54 /* Pods_BarChartsUITests.framework */; };
/* End PBXBuildFile section */

/* Begin PBXContainerItemProxy section */
		262FF58D21F79E8500F46825 /* PBXContainerItemProxy */ = {
			isa = PBXContainerItemProxy;
			containerPortal = 262FF56D21F79E8200F46825 /* Project object */;
			proxyType = 1;
			remoteGlobalIDString = 262FF57421F79E8200F46825;
			remoteInfo = BarCharts;
		};
		262FF59821F79E8500F46825 /* PBXContainerItemProxy */ = {
			isa = PBXContainerItemProxy;
			containerPortal = 262FF56D21F79E8200F46825 /* Project object */;
			proxyType = 1;
			remoteGlobalIDString = 262FF57421F79E8200F46825;
			remoteInfo = BarCharts;
		};
/* End PBXContainerItemProxy section */

/* Begin PBXFileReference section */
		0BFF6B963341E7256E057A89 /* Pods-BarChartsTests.release.xcconfig */ = {isa = PBXFileReference; includeInIndex = 1; lastKnownFileType = text.xcconfig; name = "Pods-BarChartsTests.release.xcconfig"; path = "Pods/Target Support Files/Pods-BarChartsTests/Pods-BarChartsTests.release.xcconfig"; sourceTree = "<group>"; };
		262FF57521F79E8200F46825 /* BarCharts.app */ = {isa = PBXFileReference; explicitFileType = wrapper.application; includeInIndex = 0; path = BarCharts.app; sourceTree = BUILT_PRODUCTS_DIR; };
		262FF57821F79E8200F46825 /* AppDelegate.swift */ = {isa = PBXFileReference; lastKnownFileType = sourcecode.swift; path = AppDelegate.swift; sourceTree = "<group>"; };
		262FF57A21F79E8200F46825 /* ViewController.swift */ = {isa = PBXFileReference; lastKnownFileType = sourcecode.swift; path = ViewController.swift; sourceTree = "<group>"; };
		262FF57D21F79E8200F46825 /* Base */ = {isa = PBXFileReference; lastKnownFileType = file.storyboard; name = Base; path = Base.lproj/Main.storyboard; sourceTree = "<group>"; };
		262FF58021F79E8200F46825 /* BarCharts.xcdatamodel */ = {isa = PBXFileReference; lastKnownFileType = wrapper.xcdatamodel; path = BarCharts.xcdatamodel; sourceTree = "<group>"; };
		262FF58221F79E8500F46825 /* Assets.xcassets */ = {isa = PBXFileReference; lastKnownFileType = folder.assetcatalog; path = Assets.xcassets; sourceTree = "<group>"; };
		262FF58521F79E8500F46825 /* Base */ = {isa = PBXFileReference; lastKnownFileType = file.storyboard; name = Base; path = Base.lproj/LaunchScreen.storyboard; sourceTree = "<group>"; };
		262FF58721F79E8500F46825 /* Info.plist */ = {isa = PBXFileReference; lastKnownFileType = text.plist.xml; path = Info.plist; sourceTree = "<group>"; };
		262FF58C21F79E8500F46825 /* BarChartsTests.xctest */ = {isa = PBXFileReference; explicitFileType = wrapper.cfbundle; includeInIndex = 0; path = BarChartsTests.xctest; sourceTree = BUILT_PRODUCTS_DIR; };
		262FF59021F79E8500F46825 /* BarChartsTests.swift */ = {isa = PBXFileReference; lastKnownFileType = sourcecode.swift; path = BarChartsTests.swift; sourceTree = "<group>"; };
		262FF59221F79E8500F46825 /* Info.plist */ = {isa = PBXFileReference; lastKnownFileType = text.plist.xml; path = Info.plist; sourceTree = "<group>"; };
		262FF59721F79E8500F46825 /* BarChartsUITests.xctest */ = {isa = PBXFileReference; explicitFileType = wrapper.cfbundle; includeInIndex = 0; path = BarChartsUITests.xctest; sourceTree = BUILT_PRODUCTS_DIR; };
		262FF59B21F79E8500F46825 /* BarChartsUITests.swift */ = {isa = PBXFileReference; lastKnownFileType = sourcecode.swift; path = BarChartsUITests.swift; sourceTree = "<group>"; };
		262FF59D21F79E8500F46825 /* Info.plist */ = {isa = PBXFileReference; lastKnownFileType = text.plist.xml; path = Info.plist; sourceTree = "<group>"; };
		2CBDADA4BBAB43E6A046C645 /* Pods_BarCharts.framework */ = {isa = PBXFileReference; explicitFileType = wrapper.framework; includeInIndex = 0; path = Pods_BarCharts.framework; sourceTree = BUILT_PRODUCTS_DIR; };
		2F4F6346280C969F0DF72E84 /* Pods_BarChartsTests.framework */ = {isa = PBXFileReference; explicitFileType = wrapper.framework; includeInIndex = 0; path = Pods_BarChartsTests.framework; sourceTree = BUILT_PRODUCTS_DIR; };
		469193E6F252B933B48EF511 /* Pods-BarChartsUITests.debug.xcconfig */ = {isa = PBXFileReference; includeInIndex = 1; lastKnownFileType = text.xcconfig; name = "Pods-BarChartsUITests.debug.xcconfig"; path = "Pods/Target Support Files/Pods-BarChartsUITests/Pods-BarChartsUITests.debug.xcconfig"; sourceTree = "<group>"; };
		5039DA43E448CE20C6BF98A1 /* Pods-BarChartsUITests.release.xcconfig */ = {isa = PBXFileReference; includeInIndex = 1; lastKnownFileType = text.xcconfig; name = "Pods-BarChartsUITests.release.xcconfig"; path = "Pods/Target Support Files/Pods-BarChartsUITests/Pods-BarChartsUITests.release.xcconfig"; sourceTree = "<group>"; };
		6E0E3515A9251C4D7B800F07 /* Pods-BarChartsTests.debug.xcconfig */ = {isa = PBXFileReference; includeInIndex = 1; lastKnownFileType = text.xcconfig; name = "Pods-BarChartsTests.debug.xcconfig"; path = "Pods/Target Support Files/Pods-BarChartsTests/Pods-BarChartsTests.debug.xcconfig"; sourceTree = "<group>"; };
		BDE5335D3BEBDBE8ACD6F046 /* Pods-BarCharts.release.xcconfig */ = {isa = PBXFileReference; includeInIndex = 1; lastKnownFileType = text.xcconfig; name = "Pods-BarCharts.release.xcconfig"; path = "Pods/Target Support Files/Pods-BarCharts/Pods-BarCharts.release.xcconfig"; sourceTree = "<group>"; };
		C874733BFDE06A47EE288E73 /* Pods-BarCharts.debug.xcconfig */ = {isa = PBXFileReference; includeInIndex = 1; lastKnownFileType = text.xcconfig; name = "Pods-BarCharts.debug.xcconfig"; path = "Pods/Target Support Files/Pods-BarCharts/Pods-BarCharts.debug.xcconfig"; sourceTree = "<group>"; };
		F335A8743C2FF7B963809D54 /* Pods_BarChartsUITests.framework */ = {isa = PBXFileReference; explicitFileType = wrapper.framework; includeInIndex = 0; path = Pods_BarChartsUITests.framework; sourceTree = BUILT_PRODUCTS_DIR; };
/* End PBXFileReference section */

/* Begin PBXFrameworksBuildPhase section */
		262FF57221F79E8200F46825 /* Frameworks */ = {
			isa = PBXFrameworksBuildPhase;
			buildActionMask = 2147483647;
			files = (
				2E5F8724C3EC372B24618F59 /* Pods_BarCharts.framework in Frameworks */,
			);
			runOnlyForDeploymentPostprocessing = 0;
		};
		262FF58921F79E8500F46825 /* Frameworks */ = {
			isa = PBXFrameworksBuildPhase;
			buildActionMask = 2147483647;
			files = (
				EDDC910F7686B6CA2B886EFF /* Pods_BarChartsTests.framework in Frameworks */,
			);
			runOnlyForDeploymentPostprocessing = 0;
		};
		262FF59421F79E8500F46825 /* Frameworks */ = {
			isa = PBXFrameworksBuildPhase;
			buildActionMask = 2147483647;
			files = (
				F77BFC30C9F7CA42662B2B41 /* Pods_BarChartsUITests.framework in Frameworks */,
			);
			runOnlyForDeploymentPostprocessing = 0;
		};
/* End PBXFrameworksBuildPhase section */

/* Begin PBXGroup section */
		0A937FAD4C580BF17DD33FF1 /* Pods */ = {
			isa = PBXGroup;
			children = (
				C874733BFDE06A47EE288E73 /* Pods-BarCharts.debug.xcconfig */,
				BDE5335D3BEBDBE8ACD6F046 /* Pods-BarCharts.release.xcconfig */,
				6E0E3515A9251C4D7B800F07 /* Pods-BarChartsTests.debug.xcconfig */,
				0BFF6B963341E7256E057A89 /* Pods-BarChartsTests.release.xcconfig */,
				469193E6F252B933B48EF511 /* Pods-BarChartsUITests.debug.xcconfig */,
				5039DA43E448CE20C6BF98A1 /* Pods-BarChartsUITests.release.xcconfig */,
			);
			name = Pods;
			sourceTree = "<group>";
		};
		262FF56C21F79E8200F46825 = {
			isa = PBXGroup;
			children = (
				262FF57721F79E8200F46825 /* BarCharts */,
				262FF58F21F79E8500F46825 /* BarChartsTests */,
				262FF59A21F79E8500F46825 /* BarChartsUITests */,
				262FF57621F79E8200F46825 /* Products */,
				0A937FAD4C580BF17DD33FF1 /* Pods */,
				61482F8F14236FC8B11CFF1D /* Frameworks */,
			);
			sourceTree = "<group>";
		};
		262FF57621F79E8200F46825 /* Products */ = {
			isa = PBXGroup;
			children = (
				262FF57521F79E8200F46825 /* BarCharts.app */,
				262FF58C21F79E8500F46825 /* BarChartsTests.xctest */,
				262FF59721F79E8500F46825 /* BarChartsUITests.xctest */,
			);
			name = Products;
			sourceTree = "<group>";
		};
		262FF57721F79E8200F46825 /* BarCharts */ = {
			isa = PBXGroup;
			children = (
				262FF57821F79E8200F46825 /* AppDelegate.swift */,
				262FF57A21F79E8200F46825 /* ViewController.swift */,
				262FF57C21F79E8200F46825 /* Main.storyboard */,
				262FF58221F79E8500F46825 /* Assets.xcassets */,
				262FF58421F79E8500F46825 /* LaunchScreen.storyboard */,
				262FF58721F79E8500F46825 /* Info.plist */,
				262FF57F21F79E8200F46825 /* BarCharts.xcdatamodeld */,
			);
			path = BarCharts;
			sourceTree = "<group>";
		};
		262FF58F21F79E8500F46825 /* BarChartsTests */ = {
			isa = PBXGroup;
			children = (
				262FF59021F79E8500F46825 /* BarChartsTests.swift */,
				262FF59221F79E8500F46825 /* Info.plist */,
			);
			path = BarChartsTests;
			sourceTree = "<group>";
		};
		262FF59A21F79E8500F46825 /* BarChartsUITests */ = {
			isa = PBXGroup;
			children = (
				262FF59B21F79E8500F46825 /* BarChartsUITests.swift */,
				262FF59D21F79E8500F46825 /* Info.plist */,
			);
			path = BarChartsUITests;
			sourceTree = "<group>";
		};
		61482F8F14236FC8B11CFF1D /* Frameworks */ = {
			isa = PBXGroup;
			children = (
				2CBDADA4BBAB43E6A046C645 /* Pods_BarCharts.framework */,
				2F4F6346280C969F0DF72E84 /* Pods_BarChartsTests.framework */,
				F335A8743C2FF7B963809D54 /* Pods_BarChartsUITests.framework */,
			);
			name = Frameworks;
			sourceTree = "<group>";
		};
/* End PBXGroup section */

/* Begin PBXNativeTarget section */
		262FF57421F79E8200F46825 /* BarCharts */ = {
			isa = PBXNativeTarget;
			buildConfigurationList = 262FF5A021F79E8500F46825 /* Build configuration list for PBXNativeTarget "BarCharts" */;
			buildPhases = (
				848A352AE796A3B81AEBA9EE /* [CP] Check Pods Manifest.lock */,
				262FF57121F79E8200F46825 /* Sources */,
				262FF57221F79E8200F46825 /* Frameworks */,
				262FF57321F79E8200F46825 /* Resources */,
				66956DE6B20EDC99ED41A18A /* [CP] Embed Pods Frameworks */,
			);
			buildRules = (
			);
			dependencies = (
			);
			name = BarCharts;
			productName = BarCharts;
			productReference = 262FF57521F79E8200F46825 /* BarCharts.app */;
			productType = "com.apple.product-type.application";
		};
		262FF58B21F79E8500F46825 /* BarChartsTests */ = {
			isa = PBXNativeTarget;
			buildConfigurationList = 262FF5A321F79E8500F46825 /* Build configuration list for PBXNativeTarget "BarChartsTests" */;
			buildPhases = (
				8146169934148AFE98E50886 /* [CP] Check Pods Manifest.lock */,
				262FF58821F79E8500F46825 /* Sources */,
				262FF58921F79E8500F46825 /* Frameworks */,
				262FF58A21F79E8500F46825 /* Resources */,
			);
			buildRules = (
			);
			dependencies = (
				262FF58E21F79E8500F46825 /* PBXTargetDependency */,
			);
			name = BarChartsTests;
			productName = BarChartsTests;
			productReference = 262FF58C21F79E8500F46825 /* BarChartsTests.xctest */;
			productType = "com.apple.product-type.bundle.unit-test";
		};
		262FF59621F79E8500F46825 /* BarChartsUITests */ = {
			isa = PBXNativeTarget;
			buildConfigurationList = 262FF5A621F79E8500F46825 /* Build configuration list for PBXNativeTarget "BarChartsUITests" */;
			buildPhases = (
				55B1E974474C81B9D6E0B14A /* [CP] Check Pods Manifest.lock */,
				262FF59321F79E8500F46825 /* Sources */,
				262FF59421F79E8500F46825 /* Frameworks */,
				262FF59521F79E8500F46825 /* Resources */,
			);
			buildRules = (
			);
			dependencies = (
				262FF59921F79E8500F46825 /* PBXTargetDependency */,
			);
			name = BarChartsUITests;
			productName = BarChartsUITests;
			productReference = 262FF59721F79E8500F46825 /* BarChartsUITests.xctest */;
			productType = "com.apple.product-type.bundle.ui-testing";
		};
/* End PBXNativeTarget section */

/* Begin PBXProject section */
		262FF56D21F79E8200F46825 /* Project object */ = {
			isa = PBXProject;
			attributes = {
				LastSwiftUpdateCheck = 1010;
				LastUpgradeCheck = 1010;
				ORGANIZATIONNAME = myCalculator;
				TargetAttributes = {
					262FF57421F79E8200F46825 = {
						CreatedOnToolsVersion = 10.1;
					};
					262FF58B21F79E8500F46825 = {
						CreatedOnToolsVersion = 10.1;
						TestTargetID = 262FF57421F79E8200F46825;
					};
					262FF59621F79E8500F46825 = {
						CreatedOnToolsVersion = 10.1;
						TestTargetID = 262FF57421F79E8200F46825;
					};
				};
			};
			buildConfigurationList = 262FF57021F79E8200F46825 /* Build configuration list for PBXProject "BarCharts" */;
			compatibilityVersion = "Xcode 9.3";
			developmentRegion = en;
			hasScannedForEncodings = 0;
			knownRegions = (
				en,
				Base,
			);
			mainGroup = 262FF56C21F79E8200F46825;
			productRefGroup = 262FF57621F79E8200F46825 /* Products */;
			projectDirPath = "";
			projectRoot = "";
			targets = (
				262FF57421F79E8200F46825 /* BarCharts */,
				262FF58B21F79E8500F46825 /* BarChartsTests */,
				262FF59621F79E8500F46825 /* BarChartsUITests */,
			);
		};
/* End PBXProject section */

/* Begin PBXResourcesBuildPhase section */
		262FF57321F79E8200F46825 /* Resources */ = {
			isa = PBXResourcesBuildPhase;
			buildActionMask = 2147483647;
			files = (
				262FF58621F79E8500F46825 /* LaunchScreen.storyboard in Resources */,
				262FF58321F79E8500F46825 /* Assets.xcassets in Resources */,
				262FF57E21F79E8200F46825 /* Main.storyboard in Resources */,
			);
			runOnlyForDeploymentPostprocessing = 0;
		};
		262FF58A21F79E8500F46825 /* Resources */ = {
			isa = PBXResourcesBuildPhase;
			buildActionMask = 2147483647;
			files = (
			);
			runOnlyForDeploymentPostprocessing = 0;
		};
		262FF59521F79E8500F46825 /* Resources */ = {
			isa = PBXResourcesBuildPhase;
			buildActionMask = 2147483647;
			files = (
			);
			runOnlyForDeploymentPostprocessing = 0;
		};
/* End PBXResourcesBuildPhase section */

/* Begin PBXShellScriptBuildPhase section */
		55B1E974474C81B9D6E0B14A /* [CP] Check Pods Manifest.lock */ = {
			isa = PBXShellScriptBuildPhase;
			buildActionMask = 2147483647;
			files = (
			);
			inputPaths = (
				"${PODS_PODFILE_DIR_PATH}/Podfile.lock",
				"${PODS_ROOT}/Manifest.lock",
			);
			name = "[CP] Check Pods Manifest.lock";
			outputPaths = (
				"$(DERIVED_FILE_DIR)/Pods-BarChartsUITests-checkManifestLockResult.txt",
			);
			runOnlyForDeploymentPostprocessing = 0;
			shellPath = /bin/sh;
			shellScript = "diff \"${PODS_PODFILE_DIR_PATH}/Podfile.lock\" \"${PODS_ROOT}/Manifest.lock\" > /dev/null\nif [ $? != 0 ] ; then\n    # print error to STDERR\n    echo \"error: The sandbox is not in sync with the Podfile.lock. Run 'pod install' or update your CocoaPods installation.\" >&2\n    exit 1\nfi\n# This output is used by Xcode 'outputs' to avoid re-running this script phase.\necho \"SUCCESS\" > \"${SCRIPT_OUTPUT_FILE_0}\"\n";
			showEnvVarsInLog = 0;
		};
		66956DE6B20EDC99ED41A18A /* [CP] Embed Pods Frameworks */ = {
			isa = PBXShellScriptBuildPhase;
			buildActionMask = 2147483647;
			files = (
			);
			inputPaths = (
				"${SRCROOT}/Pods/Target Support Files/Pods-BarCharts/Pods-BarCharts-frameworks.sh",
				"${BUILT_PRODUCTS_DIR}/Charts/Charts.framework",
			);
			name = "[CP] Embed Pods Frameworks";
			outputPaths = (
				"${TARGET_BUILD_DIR}/${FRAMEWORKS_FOLDER_PATH}/Charts.framework",
			);
			runOnlyForDeploymentPostprocessing = 0;
			shellPath = /bin/sh;
			shellScript = "\"${SRCROOT}/Pods/Target Support Files/Pods-BarCharts/Pods-BarCharts-frameworks.sh\"\n";
			showEnvVarsInLog = 0;
		};
		8146169934148AFE98E50886 /* [CP] Check Pods Manifest.lock */ = {
			isa = PBXShellScriptBuildPhase;
			buildActionMask = 2147483647;
			files = (
			);
			inputPaths = (
				"${PODS_PODFILE_DIR_PATH}/Podfile.lock",
				"${PODS_ROOT}/Manifest.lock",
			);
			name = "[CP] Check Pods Manifest.lock";
			outputPaths = (
				"$(DERIVED_FILE_DIR)/Pods-BarChartsTests-checkManifestLockResult.txt",
			);
			runOnlyForDeploymentPostprocessing = 0;
			shellPath = /bin/sh;
			shellScript = "diff \"${PODS_PODFILE_DIR_PATH}/Podfile.lock\" \"${PODS_ROOT}/Manifest.lock\" > /dev/null\nif [ $? != 0 ] ; then\n    # print error to STDERR\n    echo \"error: The sandbox is not in sync with the Podfile.lock. Run 'pod install' or update your CocoaPods installation.\" >&2\n    exit 1\nfi\n# This output is used by Xcode 'outputs' to avoid re-running this script phase.\necho \"SUCCESS\" > \"${SCRIPT_OUTPUT_FILE_0}\"\n";
			showEnvVarsInLog = 0;
		};
		848A352AE796A3B81AEBA9EE /* [CP] Check Pods Manifest.lock */ = {
			isa = PBXShellScriptBuildPhase;
			buildActionMask = 2147483647;
			files = (
			);
			inputPaths = (
				"${PODS_PODFILE_DIR_PATH}/Podfile.lock",
				"${PODS_ROOT}/Manifest.lock",
			);
			name = "[CP] Check Pods Manifest.lock";
			outputPaths = (
				"$(DERIVED_FILE_DIR)/Pods-BarCharts-checkManifestLockResult.txt",
			);
			runOnlyForDeploymentPostprocessing = 0;
			shellPath = /bin/sh;
			shellScript = "diff \"${PODS_PODFILE_DIR_PATH}/Podfile.lock\" \"${PODS_ROOT}/Manifest.lock\" > /dev/null\nif [ $? != 0 ] ; then\n    # print error to STDERR\n    echo \"error: The sandbox is not in sync with the Podfile.lock. Run 'pod install' or update your CocoaPods installation.\" >&2\n    exit 1\nfi\n# This output is used by Xcode 'outputs' to avoid re-running this script phase.\necho \"SUCCESS\" > \"${SCRIPT_OUTPUT_FILE_0}\"\n";
			showEnvVarsInLog = 0;
		};
/* End PBXShellScriptBuildPhase section */

/* Begin PBXSourcesBuildPhase section */
		262FF57121F79E8200F46825 /* Sources */ = {
			isa = PBXSourcesBuildPhase;
			buildActionMask = 2147483647;
			files = (
				262FF57B21F79E8200F46825 /* ViewController.swift in Sources */,
				262FF57921F79E8200F46825 /* AppDelegate.swift in Sources */,
				262FF58121F79E8200F46825 /* BarCharts.xcdatamodeld in Sources */,
			);
			runOnlyForDeploymentPostprocessing = 0;
		};
		262FF58821F79E8500F46825 /* Sources */ = {
			isa = PBXSourcesBuildPhase;
			buildActionMask = 2147483647;
			files = (
				262FF59121F79E8500F46825 /* BarChartsTests.swift in Sources */,
			);
			runOnlyForDeploymentPostprocessing = 0;
		};
		262FF59321F79E8500F46825 /* Sources */ = {
			isa = PBXSourcesBuildPhase;
			buildActionMask = 2147483647;
			files = (
				262FF59C21F79E8500F46825 /* BarChartsUITests.swift in Sources */,
			);
			runOnlyForDeploymentPostprocessing = 0;
		};
/* End PBXSourcesBuildPhase section */

/* Begin PBXTargetDependency section */
		262FF58E21F79E8500F46825 /* PBXTargetDependency */ = {
			isa = PBXTargetDependency;
			target = 262FF57421F79E8200F46825 /* BarCharts */;
			targetProxy = 262FF58D21F79E8500F46825 /* PBXContainerItemProxy */;
		};
		262FF59921F79E8500F46825 /* PBXTargetDependency */ = {
			isa = PBXTargetDependency;
			target = 262FF57421F79E8200F46825 /* BarCharts */;
			targetProxy = 262FF59821F79E8500F46825 /* PBXContainerItemProxy */;
		};
/* End PBXTargetDependency section */

/* Begin PBXVariantGroup section */
		262FF57C21F79E8200F46825 /* Main.storyboard */ = {
			isa = PBXVariantGroup;
			children = (
				262FF57D21F79E8200F46825 /* Base */,
			);
			name = Main.storyboard;
			sourceTree = "<group>";
		};
		262FF58421F79E8500F46825 /* LaunchScreen.storyboard */ = {
			isa = PBXVariantGroup;
			children = (
				262FF58521F79E8500F46825 /* Base */,
			);
			name = LaunchScreen.storyboard;
			sourceTree = "<group>";
		};
/* End PBXVariantGroup section */

/* Begin XCBuildConfiguration section */
		262FF59E21F79E8500F46825 /* Debug */ = {
			isa = XCBuildConfiguration;
			buildSettings = {
				ALWAYS_SEARCH_USER_PATHS = NO;
				CLANG_ANALYZER_NONNULL = YES;
				CLANG_ANALYZER_NUMBER_OBJECT_CONVERSION = YES_AGGRESSIVE;
				CLANG_CXX_LANGUAGE_STANDARD = "gnu++14";
				CLANG_CXX_LIBRARY = "libc++";
				CLANG_ENABLE_MODULES = YES;
				CLANG_ENABLE_OBJC_ARC = YES;
				CLANG_ENABLE_OBJC_WEAK = YES;
				CLANG_WARN_BLOCK_CAPTURE_AUTORELEASING = YES;
				CLANG_WARN_BOOL_CONVERSION = YES;
				CLANG_WARN_COMMA = YES;
				CLANG_WARN_CONSTANT_CONVERSION = YES;
				CLANG_WARN_DEPRECATED_OBJC_IMPLEMENTATIONS = YES;
				CLANG_WARN_DIRECT_OBJC_ISA_USAGE = YES_ERROR;
				CLANG_WARN_DOCUMENTATION_COMMENTS = YES;
				CLANG_WARN_EMPTY_BODY = YES;
				CLANG_WARN_ENUM_CONVERSION = YES;
				CLANG_WARN_INFINITE_RECURSION = YES;
				CLANG_WARN_INT_CONVERSION = YES;
				CLANG_WARN_NON_LITERAL_NULL_CONVERSION = YES;
				CLANG_WARN_OBJC_IMPLICIT_RETAIN_SELF = YES;
				CLANG_WARN_OBJC_LITERAL_CONVERSION = YES;
				CLANG_WARN_OBJC_ROOT_CLASS = YES_ERROR;
				CLANG_WARN_RANGE_LOOP_ANALYSIS = YES;
				CLANG_WARN_STRICT_PROTOTYPES = YES;
				CLANG_WARN_SUSPICIOUS_MOVE = YES;
				CLANG_WARN_UNGUARDED_AVAILABILITY = YES_AGGRESSIVE;
				CLANG_WARN_UNREACHABLE_CODE = YES;
				CLANG_WARN__DUPLICATE_METHOD_MATCH = YES;
				CODE_SIGN_IDENTITY = "iPhone Developer";
				COPY_PHASE_STRIP = NO;
				DEBUG_INFORMATION_FORMAT = dwarf;
				ENABLE_STRICT_OBJC_MSGSEND = YES;
				ENABLE_TESTABILITY = YES;
				GCC_C_LANGUAGE_STANDARD = gnu11;
				GCC_DYNAMIC_NO_PIC = NO;
				GCC_NO_COMMON_BLOCKS = YES;
				GCC_OPTIMIZATION_LEVEL = 0;
				GCC_PREPROCESSOR_DEFINITIONS = (
					"DEBUG=1",
					"$(inherited)",
				);
				GCC_WARN_64_TO_32_BIT_CONVERSION = YES;
				GCC_WARN_ABOUT_RETURN_TYPE = YES_ERROR;
				GCC_WARN_UNDECLARED_SELECTOR = YES;
				GCC_WARN_UNINITIALIZED_AUTOS = YES_AGGRESSIVE;
				GCC_WARN_UNUSED_FUNCTION = YES;
				GCC_WARN_UNUSED_VARIABLE = YES;
				IPHONEOS_DEPLOYMENT_TARGET = 12.1;
				MTL_ENABLE_DEBUG_INFO = INCLUDE_SOURCE;
				MTL_FAST_MATH = YES;
				ONLY_ACTIVE_ARCH = YES;
				SDKROOT = iphoneos;
				SWIFT_ACTIVE_COMPILATION_CONDITIONS = DEBUG;
				SWIFT_OPTIMIZATION_LEVEL = "-Onone";
			};
			name = Debug;
		};
		262FF59F21F79E8500F46825 /* Release */ = {
			isa = XCBuildConfiguration;
			buildSettings = {
				ALWAYS_SEARCH_USER_PATHS = NO;
				CLANG_ANALYZER_NONNULL = YES;
				CLANG_ANALYZER_NUMBER_OBJECT_CONVERSION = YES_AGGRESSIVE;
				CLANG_CXX_LANGUAGE_STANDARD = "gnu++14";
				CLANG_CXX_LIBRARY = "libc++";
				CLANG_ENABLE_MODULES = YES;
				CLANG_ENABLE_OBJC_ARC = YES;
				CLANG_ENABLE_OBJC_WEAK = YES;
				CLANG_WARN_BLOCK_CAPTURE_AUTORELEASING = YES;
				CLANG_WARN_BOOL_CONVERSION = YES;
				CLANG_WARN_COMMA = YES;
				CLANG_WARN_CONSTANT_CONVERSION = YES;
				CLANG_WARN_DEPRECATED_OBJC_IMPLEMENTATIONS = YES;
				CLANG_WARN_DIRECT_OBJC_ISA_USAGE = YES_ERROR;
				CLANG_WARN_DOCUMENTATION_COMMENTS = YES;
				CLANG_WARN_EMPTY_BODY = YES;
				CLANG_WARN_ENUM_CONVERSION = YES;
				CLANG_WARN_INFINITE_RECURSION = YES;
				CLANG_WARN_INT_CONVERSION = YES;
				CLANG_WARN_NON_LITERAL_NULL_CONVERSION = YES;
				CLANG_WARN_OBJC_IMPLICIT_RETAIN_SELF = YES;
				CLANG_WARN_OBJC_LITERAL_CONVERSION = YES;
				CLANG_WARN_OBJC_ROOT_CLASS = YES_ERROR;
				CLANG_WARN_RANGE_LOOP_ANALYSIS = YES;
				CLANG_WARN_STRICT_PROTOTYPES = YES;
				CLANG_WARN_SUSPICIOUS_MOVE = YES;
				CLANG_WARN_UNGUARDED_AVAILABILITY = YES_AGGRESSIVE;
				CLANG_WARN_UNREACHABLE_CODE = YES;
				CLANG_WARN__DUPLICATE_METHOD_MATCH = YES;
				CODE_SIGN_IDENTITY = "iPhone Developer";
				COPY_PHASE_STRIP = NO;
				DEBUG_INFORMATION_FORMAT = "dwarf-with-dsym";
				ENABLE_NS_ASSERTIONS = NO;
				ENABLE_STRICT_OBJC_MSGSEND = YES;
				GCC_C_LANGUAGE_STANDARD = gnu11;
				GCC_NO_COMMON_BLOCKS = YES;
				GCC_WARN_64_TO_32_BIT_CONVERSION = YES;
				GCC_WARN_ABOUT_RETURN_TYPE = YES_ERROR;
				GCC_WARN_UNDECLARED_SELECTOR = YES;
				GCC_WARN_UNINITIALIZED_AUTOS = YES_AGGRESSIVE;
				GCC_WARN_UNUSED_FUNCTION = YES;
				GCC_WARN_UNUSED_VARIABLE = YES;
				IPHONEOS_DEPLOYMENT_TARGET = 12.1;
				MTL_ENABLE_DEBUG_INFO = NO;
				MTL_FAST_MATH = YES;
				SDKROOT = iphoneos;
				SWIFT_COMPILATION_MODE = wholemodule;
				SWIFT_OPTIMIZATION_LEVEL = "-O";
				VALIDATE_PRODUCT = YES;
			};
			name = Release;
		};
		262FF5A121F79E8500F46825 /* Debug */ = {
			isa = XCBuildConfiguration;
			baseConfigurationReference = C874733BFDE06A47EE288E73 /* Pods-BarCharts.debug.xcconfig */;
			buildSettings = {
				ASSETCATALOG_COMPILER_APPICON_NAME = AppIcon;
				CODE_SIGN_STYLE = Automatic;
				INFOPLIST_FILE = BarCharts/Info.plist;
				LD_RUNPATH_SEARCH_PATHS = (
					"$(inherited)",
					"@executable_path/Frameworks",
				);
				PRODUCT_BUNDLE_IDENTIFIER = myCalculator.BarCharts;
				PRODUCT_NAME = "$(TARGET_NAME)";
				SWIFT_VERSION = 4.2;
				TARGETED_DEVICE_FAMILY = "1,2";
			};
			name = Debug;
		};
		262FF5A221F79E8500F46825 /* Release */ = {
			isa = XCBuildConfiguration;
			baseConfigurationReference = BDE5335D3BEBDBE8ACD6F046 /* Pods-BarCharts.release.xcconfig */;
			buildSettings = {
				ASSETCATALOG_COMPILER_APPICON_NAME = AppIcon;
				CODE_SIGN_STYLE = Automatic;
				INFOPLIST_FILE = BarCharts/Info.plist;
				LD_RUNPATH_SEARCH_PATHS = (
					"$(inherited)",
					"@executable_path/Frameworks",
				);
				PRODUCT_BUNDLE_IDENTIFIER = myCalculator.BarCharts;
				PRODUCT_NAME = "$(TARGET_NAME)";
				SWIFT_VERSION = 4.2;
				TARGETED_DEVICE_FAMILY = "1,2";
			};
			name = Release;
		};
		262FF5A421F79E8500F46825 /* Debug */ = {
			isa = XCBuildConfiguration;
			baseConfigurationReference = 6E0E3515A9251C4D7B800F07 /* Pods-BarChartsTests.debug.xcconfig */;
			buildSettings = {
				ALWAYS_EMBED_SWIFT_STANDARD_LIBRARIES = YES;
				BUNDLE_LOADER = "$(TEST_HOST)";
				CODE_SIGN_STYLE = Automatic;
				INFOPLIST_FILE = BarChartsTests/Info.plist;
				LD_RUNPATH_SEARCH_PATHS = (
					"$(inherited)",
					"@executable_path/Frameworks",
					"@loader_path/Frameworks",
				);
				PRODUCT_BUNDLE_IDENTIFIER = myCalculator.BarChartsTests;
				PRODUCT_NAME = "$(TARGET_NAME)";
				SWIFT_VERSION = 4.2;
				TARGETED_DEVICE_FAMILY = "1,2";
				TEST_HOST = "$(BUILT_PRODUCTS_DIR)/BarCharts.app/BarCharts";
			};
			name = Debug;
		};
		262FF5A521F79E8500F46825 /* Release */ = {
			isa = XCBuildConfiguration;
			baseConfigurationReference = 0BFF6B963341E7256E057A89 /* Pods-BarChartsTests.release.xcconfig */;
			buildSettings = {
				ALWAYS_EMBED_SWIFT_STANDARD_LIBRARIES = YES;
				BUNDLE_LOADER = "$(TEST_HOST)";
				CODE_SIGN_STYLE = Automatic;
				INFOPLIST_FILE = BarChartsTests/Info.plist;
				LD_RUNPATH_SEARCH_PATHS = (
					"$(inherited)",
					"@executable_path/Frameworks",
					"@loader_path/Frameworks",
				);
				PRODUCT_BUNDLE_IDENTIFIER = myCalculator.BarChartsTests;
				PRODUCT_NAME = "$(TARGET_NAME)";
				SWIFT_VERSION = 4.2;
				TARGETED_DEVICE_FAMILY = "1,2";
				TEST_HOST = "$(BUILT_PRODUCTS_DIR)/BarCharts.app/BarCharts";
			};
			name = Release;
		};
		262FF5A721F79E8500F46825 /* Debug */ = {
			isa = XCBuildConfiguration;
			baseConfigurationReference = 469193E6F252B933B48EF511 /* Pods-BarChartsUITests.debug.xcconfig */;
			buildSettings = {
				ALWAYS_EMBED_SWIFT_STANDARD_LIBRARIES = YES;
				CODE_SIGN_STYLE = Automatic;
				INFOPLIST_FILE = BarChartsUITests/Info.plist;
				LD_RUNPATH_SEARCH_PATHS = (
					"$(inherited)",
					"@executable_path/Frameworks",
					"@loader_path/Frameworks",
				);
				PRODUCT_BUNDLE_IDENTIFIER = myCalculator.BarChartsUITests;
				PRODUCT_NAME = "$(TARGET_NAME)";
				SWIFT_VERSION = 4.2;
				TARGETED_DEVICE_FAMILY = "1,2";
				TEST_TARGET_NAME = BarCharts;
			};
			name = Debug;
		};
		262FF5A821F79E8500F46825 /* Release */ = {
			isa = XCBuildConfiguration;
			baseConfigurationReference = 5039DA43E448CE20C6BF98A1 /* Pods-BarChartsUITests.release.xcconfig */;
			buildSettings = {
				ALWAYS_EMBED_SWIFT_STANDARD_LIBRARIES = YES;
				CODE_SIGN_STYLE = Automatic;
				INFOPLIST_FILE = BarChartsUITests/Info.plist;
				LD_RUNPATH_SEARCH_PATHS = (
					"$(inherited)",
					"@executable_path/Frameworks",
					"@loader_path/Frameworks",
				);
				PRODUCT_BUNDLE_IDENTIFIER = myCalculator.BarChartsUITests;
				PRODUCT_NAME = "$(TARGET_NAME)";
				SWIFT_VERSION = 4.2;
				TARGETED_DEVICE_FAMILY = "1,2";
				TEST_TARGET_NAME = BarCharts;
			};
			name = Release;
		};
/* End XCBuildConfiguration section */

/* Begin XCConfigurationList section */
		262FF57021F79E8200F46825 /* Build configuration list for PBXProject "BarCharts" */ = {
			isa = XCConfigurationList;
			buildConfigurations = (
				262FF59E21F79E8500F46825 /* Debug */,
				262FF59F21F79E8500F46825 /* Release */,
			);
			defaultConfigurationIsVisible = 0;
			defaultConfigurationName = Release;
		};
		262FF5A021F79E8500F46825 /* Build configuration list for PBXNativeTarget "BarCharts" */ = {
			isa = XCConfigurationList;
			buildConfigurations = (
				262FF5A121F79E8500F46825 /* Debug */,
				262FF5A221F79E8500F46825 /* Release */,
			);
			defaultConfigurationIsVisible = 0;
			defaultConfigurationName = Release;
		};
		262FF5A321F79E8500F46825 /* Build configuration list for PBXNativeTarget "BarChartsTests" */ = {
			isa = XCConfigurationList;
			buildConfigurations = (
				262FF5A421F79E8500F46825 /* Debug */,
				262FF5A521F79E8500F46825 /* Release */,
			);
			defaultConfigurationIsVisible = 0;
			defaultConfigurationName = Release;
		};
		262FF5A621F79E8500F46825 /* Build configuration list for PBXNativeTarget "BarChartsUITests" */ = {
			isa = XCConfigurationList;
			buildConfigurations = (
				262FF5A721F79E8500F46825 /* Debug */,
				262FF5A821F79E8500F46825 /* Release */,
			);
			defaultConfigurationIsVisible = 0;
			defaultConfigurationName = Release;
		};
/* End XCConfigurationList section */

/* Begin XCVersionGroup section */
		262FF57F21F79E8200F46825 /* BarCharts.xcdatamodeld */ = {
			isa = XCVersionGroup;
			children = (
				262FF58021F79E8200F46825 /* BarCharts.xcdatamodel */,
			);
			currentVersion = 262FF58021F79E8200F46825 /* BarCharts.xcdatamodel */;
			path = BarCharts.xcdatamodeld;
			sourceTree = "<group>";
			versionGroupType = wrapper.xcdatamodel;
		};
/* End XCVersionGroup section */
	};
	rootObject = 262FF56D21F79E8200F46825 /* Project object */;
}
